
Microsoft Visual Studio Solution File, Format Version 12.00
Project("{FAE04EC0-301F-11D3-BF4B-00C04F79EFBC}") = "PanicRecorderWeb", "PanicRecorderWeb.csproj", "{0F4712AE-374C-4F20-9C9C-C6828C2C58B8}"
EndProject
Project("{2150E333-8FDC-42A3-9474-1A3956D46DE8}") = "Solution Items", "Solution Items", "{C843FA8E-F62F-4D82-8406-4F261DE7E352}"
	ProjectSection(SolutionItems) = preProject
		compose.yaml = compose.yaml
	EndProjectSection
EndProject
Global
	GlobalSection(SolutionConfigurationPlatforms) = preSolution
		Debug|Any CPU = Debug|Any CPU
		Release|Any CPU = Release|Any CPU
	EndGlobalSection
	GlobalSection(ProjectConfigurationPlatforms) = postSolution
		{0F4712AE-374C-4F20-9C9C-C6828C2C58B8}.Debug|Any CPU.ActiveCfg = Debug|Any CPU
		{0F4712AE-374C-4F20-9C9C-C6828C2C58B8}.Debug|Any CPU.Build.0 = Debug|Any CPU
		{0F4712AE-374C-4F20-9C9C-C6828C2C58B8}.Release|Any CPU.ActiveCfg = Release|Any CPU
		{0F4712AE-374C-4F20-9C9C-C6828C2C58B8}.Release|Any CPU.Build.0 = Release|Any CPU
	EndGlobalSection
EndGlobal
